
Microsoft Visual Studio Solution File, Format Version 12.00
# Visual Studio 2012
Project("{FAE04EC0-301F-11D3-BF4B-00C04F79EFBC}") = "audio_mixer", "audio_mixer\audio_mixer.csproj", "{1032406F-A6F5-4BDE-8CF2-67B19947174E}"
EndProject
Global
	GlobalSection(SolutionConfigurationPlatforms) = preSolution
		Debug|Any CPU = Debug|Any CPU
		Release|Any CPU = Release|Any CPU
	EndGlobalSection
	GlobalSection(ProjectConfigurationPlatforms) = postSolution
		{1032406F-A6F5-4BDE-8CF2-67B19947174E}.Debug|Any CPU.ActiveCfg = Debug|Any CPU
		{1032406F-A6F5-4BDE-8CF2-67B19947174E}.Debug|Any CPU.Build.0 = Debug|Any CPU
		{1032406F-A6F5-4BDE-8CF2-67B19947174E}.Release|Any CPU.ActiveCfg = Release|Any CPU
		{1032406F-A6F5-4BDE-8CF2-67B19947174E}.Release|Any CPU.Build.0 = Release|Any CPU
	EndGlobalSection
	GlobalSection(SolutionProperties) = preSolution
		HideSolutionNode = FALSE
	EndGlobalSection
EndGlobal
